
Microsoft Visual Studio Solution File, Format Version 12.00
# Visual Studio Version 17
VisualStudioVersion = 17.5.002.0
MinimumVisualStudioVersion = 10.0.40219.1
Project("{9A19103F-16F7-4668-BE54-9A1E7A4F7556}") = "BackgroundEmailSenderSample", "BackgroundEmailSenderSample.csproj", "{0A563132-63A4-4B04-A2B1-7EFA0501B161}"
EndProject
Global
	GlobalSection(SolutionConfigurationPlatforms) = preSolution
		Debug|Any CPU = Debug|Any CPU
		Release|Any CPU = Release|Any CPU
	EndGlobalSection
	GlobalSection(ProjectConfigurationPlatforms) = postSolution
		{0A563132-63A4-4B04-A2B1-7EFA0501B161}.Debug|Any CPU.ActiveCfg = Debug|Any CPU
		{0A563132-63A4-4B04-A2B1-7EFA0501B161}.Debug|Any CPU.Build.0 = Debug|Any CPU
		{0A563132-63A4-4B04-A2B1-7EFA0501B161}.Release|Any CPU.ActiveCfg = Release|Any CPU
		{0A563132-63A4-4B04-A2B1-7EFA0501B161}.Release|Any CPU.Build.0 = Release|Any CPU
	EndGlobalSection
	GlobalSection(SolutionProperties) = preSolution
		HideSolutionNode = FALSE
	EndGlobalSection
	GlobalSection(ExtensibilityGlobals) = postSolution
		SolutionGuid = {DE12751B-4540-41A2-86B2-28CAAE42A74B}
	EndGlobalSection
EndGlobal
